<?xml version="1.0" encoding="utf-8"?>
<Project ToolsVersion="4.0" xmlns="http://schemas.microsoft.com/developer/msbuild/2003">
  <ItemGroup>
    <ClCompile Include="src\main.cpp" />
    <ClCompile Include="res\glad.c" />
    <ClCompile Include="res\stb_image.cpp" />
    <ClCompile Include="src\AABB2D.cc" />
    <ClCompile Include="include\models.h" />
    <ClCompile Include="src\my_glfw_callbacks.cpp" />
    <ClCompile Include="src\terrain_graphics_handling.cpp" />
  </ItemGroup>
  <ItemGroup>
    <ClInclude Include="include\shader_obj.h" />
    <ClInclude Include="include\stb_image.h" />
    <ClInclude Include="include\PhysicsEnv.h" />
    <ClInclude Include="include\PhysicsObj.h" />
    <ClInclude Include="include\AABB2D.h" />
    <ClInclude Include="include\player.h" />
    <ClInclude Include="include\terrain_graphics_handling.h" />
    <ClInclude Include="include\my_glfw_callbacks.h" />
  </ItemGroup>
  <ItemGroup>
    <_EmbedManagedResourceFile Include="res\shaders\fragment_shader.frag" />
    <_EmbedManagedResourceFile Include="res\shaders\vertex_shader.vert" />
  </ItemGroup>
  <ItemGroup>
    <Image Include="res\textures\container.jpg" />
    <Image Include="res\textures\wall.jpg" />
    <Image Include="res\textures\awesomeface.png" />
  </ItemGroup>
</Project>